// !$*UTF8*$!
{
	archiveVersion = 1;
	classes = {
	};
	objectVersion = 46;
	objects = {

/* Begin PBXBuildFile section */
		FD5DCA5915AC68DD0084B6F0 /* Question.m in Sources */ = {isa = PBXBuildFile; fileRef = FD5DCA5615AC68DD0084B6F0 /* Question.m */; };
		FD5DCA5A15AC68DD0084B6F0 /* Question.m in Sources */ = {isa = PBXBuildFile; fileRef = FD5DCA5615AC68DD0084B6F0 /* Question.m */; };
		FD5DCA5B15AC68DD0084B6F0 /* Topic.m in Sources */ = {isa = PBXBuildFile; fileRef = FD5DCA5815AC68DD0084B6F0 /* Topic.m */; };
		FD5DCA5C15AC68DD0084B6F0 /* Topic.m in Sources */ = {isa = PBXBuildFile; fileRef = FD5DCA5815AC68DD0084B6F0 /* Topic.m */; };
		FD76C06415AB4C86006F0D49 /* UIKit.framework in Frameworks */ = {isa = PBXBuildFile; fileRef = FD76C06315AB4C86006F0D49 /* UIKit.framework */; };
		FD76C06615AB4C86006F0D49 /* Foundation.framework in Frameworks */ = {isa = PBXBuildFile; fileRef = FD76C06515AB4C86006F0D49 /* Foundation.framework */; };
		FD76C06815AB4C86006F0D49 /* CoreGraphics.framework in Frameworks */ = {isa = PBXBuildFile; fileRef = FD76C06715AB4C86006F0D49 /* CoreGraphics.framework */; };
		FD76C06E15AB4C86006F0D49 /* InfoPlist.strings in Resources */ = {isa = PBXBuildFile; fileRef = FD76C06C15AB4C86006F0D49 /* InfoPlist.strings */; };
		FD76C07015AB4C86006F0D49 /* main.m in Sources */ = {isa = PBXBuildFile; fileRef = FD76C06F15AB4C86006F0D49 /* main.m */; };
		FD76C07415AB4C86006F0D49 /* BOAppDelegate.m in Sources */ = {isa = PBXBuildFile; fileRef = FD76C07315AB4C86006F0D49 /* BOAppDelegate.m */; };
		FD76C07715AB4C86006F0D49 /* BOMasterViewController.m in Sources */ = {isa = PBXBuildFile; fileRef = FD76C07615AB4C86006F0D49 /* BOMasterViewController.m */; };
		FD76C07A15AB4C86006F0D49 /* BODetailViewController.m in Sources */ = {isa = PBXBuildFile; fileRef = FD76C07915AB4C86006F0D49 /* BODetailViewController.m */; };
		FD76C07D15AB4C86006F0D49 /* BOMasterViewController.xib in Resources */ = {isa = PBXBuildFile; fileRef = FD76C07B15AB4C86006F0D49 /* BOMasterViewController.xib */; };
		FD76C08015AB4C86006F0D49 /* BODetailViewController.xib in Resources */ = {isa = PBXBuildFile; fileRef = FD76C07E15AB4C86006F0D49 /* BODetailViewController.xib */; };
		FD76C08815AB4C87006F0D49 /* SenTestingKit.framework in Frameworks */ = {isa = PBXBuildFile; fileRef = FD76C08715AB4C87006F0D49 /* SenTestingKit.framework */; };
		FD76C08915AB4C87006F0D49 /* UIKit.framework in Frameworks */ = {isa = PBXBuildFile; fileRef = FD76C06315AB4C86006F0D49 /* UIKit.framework */; };
		FD76C08A15AB4C87006F0D49 /* Foundation.framework in Frameworks */ = {isa = PBXBuildFile; fileRef = FD76C06515AB4C86006F0D49 /* Foundation.framework */; };
		FD76C09215AB4C87006F0D49 /* InfoPlist.strings in Resources */ = {isa = PBXBuildFile; fileRef = FD76C09015AB4C87006F0D49 /* InfoPlist.strings */; };
		FD76C09515AB4C87006F0D49 /* BrowseOverflowTests.m in Sources */ = {isa = PBXBuildFile; fileRef = FD76C09415AB4C87006F0D49 /* BrowseOverflowTests.m */; };
		FD76C0A315AB513C006F0D49 /* TopicTests.m in Sources */ = {isa = PBXBuildFile; fileRef = FD76C0A215AB513C006F0D49 /* TopicTests.m */; };
		FD76C0A915AB7B51006F0D49 /* QuestionTests.m in Sources */ = {isa = PBXBuildFile; fileRef = FD76C0A815AB7B51006F0D49 /* QuestionTests.m */; };
		FD76C0B015AB8113006F0D49 /* PersonTests.m in Sources */ = {isa = PBXBuildFile; fileRef = FD76C0AF15AB8112006F0D49 /* PersonTests.m */; };
		FD76C0B315AB8135006F0D49 /* Person.m in Sources */ = {isa = PBXBuildFile; fileRef = FD76C0B215AB8135006F0D49 /* Person.m */; };
		FD76C0B415AB8135006F0D49 /* Person.m in Sources */ = {isa = PBXBuildFile; fileRef = FD76C0B215AB8135006F0D49 /* Person.m */; };
		FD76C0B815ABA259006F0D49 /* AnswerTests.m in Sources */ = {isa = PBXBuildFile; fileRef = FD76C0B715ABA259006F0D49 /* AnswerTests.m */; };
		FD76C0BB15ABA296006F0D49 /* Answer.m in Sources */ = {isa = PBXBuildFile; fileRef = FD76C0BA15ABA296006F0D49 /* Answer.m */; };
		FD76C0BC15ABA296006F0D49 /* Answer.m in Sources */ = {isa = PBXBuildFile; fileRef = FD76C0BA15ABA296006F0D49 /* Answer.m */; };
		FD76C0BF15ABC1E3006F0D49 /* QuestionCreationWorkflowTests.m in Sources */ = {isa = PBXBuildFile; fileRef = FD76C0BE15ABC1E3006F0D49 /* QuestionCreationWorkflowTests.m */; };
		FD76C0C215ABC929006F0D49 /* StackOverflowManager.m in Sources */ = {isa = PBXBuildFile; fileRef = FD76C0C115ABC929006F0D49 /* StackOverflowManager.m */; };
		FD76C0C315ABC929006F0D49 /* StackOverflowManager.m in Sources */ = {isa = PBXBuildFile; fileRef = FD76C0C115ABC929006F0D49 /* StackOverflowManager.m */; };
		FD76C0C815ABCE9E006F0D49 /* MockStackOverflowManagerDelegate.m in Sources */ = {isa = PBXBuildFile; fileRef = FD76C0C715ABCE9E006F0D49 /* MockStackOverflowManagerDelegate.m */; };
		FD76C0CB15ABD923006F0D49 /* StackOverflowCommunicator.m in Sources */ = {isa = PBXBuildFile; fileRef = FD76C0CA15ABD923006F0D49 /* StackOverflowCommunicator.m */; };
		FD76C0CC15ABD923006F0D49 /* StackOverflowCommunicator.m in Sources */ = {isa = PBXBuildFile; fileRef = FD76C0CA15ABD923006F0D49 /* StackOverflowCommunicator.m */; };
		FD76C0CF15ABD962006F0D49 /* MockStackOverflowCommunicator.m in Sources */ = {isa = PBXBuildFile; fileRef = FD76C0CE15ABD962006F0D49 /* MockStackOverflowCommunicator.m */; };
		FD76C0D215AC0BE8006F0D49 /* QuestionBuilder.m in Sources */ = {isa = PBXBuildFile; fileRef = FD76C0D115AC0BE7006F0D49 /* QuestionBuilder.m */; };
		FD76C0D315AC0BE8006F0D49 /* QuestionBuilder.m in Sources */ = {isa = PBXBuildFile; fileRef = FD76C0D115AC0BE7006F0D49 /* QuestionBuilder.m */; };
		FD76C0D615AC0C19006F0D49 /* FakeQuestionBuilder.m in Sources */ = {isa = PBXBuildFile; fileRef = FD76C0D515AC0C19006F0D49 /* FakeQuestionBuilder.m */; };
/* End PBXBuildFile section */

/* Begin PBXContainerItemProxy section */
		FD76C08B15AB4C87006F0D49 /* PBXContainerItemProxy */ = {
			isa = PBXContainerItemProxy;
			containerPortal = FD76C05615AB4C86006F0D49 /* Project object */;
			proxyType = 1;
			remoteGlobalIDString = FD76C05E15AB4C86006F0D49;
			remoteInfo = BrowseOverflow;
		};
/* End PBXContainerItemProxy section */

/* Begin PBXFileReference section */
		FD5DCA5515AC68DD0084B6F0 /* Question.h */ = {isa = PBXFileReference; fileEncoding = 4; lastKnownFileType = sourcecode.c.h; path = Question.h; sourceTree = "<group>"; };
		FD5DCA5615AC68DD0084B6F0 /* Question.m */ = {isa = PBXFileReference; fileEncoding = 4; lastKnownFileType = sourcecode.c.objc; path = Question.m; sourceTree = "<group>"; };
		FD5DCA5715AC68DD0084B6F0 /* Topic.h */ = {isa = PBXFileReference; fileEncoding = 4; lastKnownFileType = sourcecode.c.h; path = Topic.h; sourceTree = "<group>"; };
		FD5DCA5815AC68DD0084B6F0 /* Topic.m */ = {isa = PBXFileReference; fileEncoding = 4; lastKnownFileType = sourcecode.c.objc; path = Topic.m; sourceTree = "<group>"; };
		FD76C05F15AB4C86006F0D49 /* BrowseOverflow.app */ = {isa = PBXFileReference; explicitFileType = wrapper.application; includeInIndex = 0; path = BrowseOverflow.app; sourceTree = BUILT_PRODUCTS_DIR; };
		FD76C06315AB4C86006F0D49 /* UIKit.framework */ = {isa = PBXFileReference; lastKnownFileType = wrapper.framework; name = UIKit.framework; path = System/Library/Frameworks/UIKit.framework; sourceTree = SDKROOT; };
		FD76C06515AB4C86006F0D49 /* Foundation.framework */ = {isa = PBXFileReference; lastKnownFileType = wrapper.framework; name = Foundation.framework; path = System/Library/Frameworks/Foundation.framework; sourceTree = SDKROOT; };
		FD76C06715AB4C86006F0D49 /* CoreGraphics.framework */ = {isa = PBXFileReference; lastKnownFileType = wrapper.framework; name = CoreGraphics.framework; path = System/Library/Frameworks/CoreGraphics.framework; sourceTree = SDKROOT; };
		FD76C06B15AB4C86006F0D49 /* BrowseOverflow-Info.plist */ = {isa = PBXFileReference; lastKnownFileType = text.plist.xml; path = "BrowseOverflow-Info.plist"; sourceTree = "<group>"; };
		FD76C06D15AB4C86006F0D49 /* en */ = {isa = PBXFileReference; lastKnownFileType = text.plist.strings; name = en; path = en.lproj/InfoPlist.strings; sourceTree = "<group>"; };
		FD76C06F15AB4C86006F0D49 /* main.m */ = {isa = PBXFileReference; lastKnownFileType = sourcecode.c.objc; path = main.m; sourceTree = "<group>"; };
		FD76C07115AB4C86006F0D49 /* BrowseOverflow-Prefix.pch */ = {isa = PBXFileReference; lastKnownFileType = sourcecode.c.h; path = "BrowseOverflow-Prefix.pch"; sourceTree = "<group>"; };
		FD76C07215AB4C86006F0D49 /* BOAppDelegate.h */ = {isa = PBXFileReference; lastKnownFileType = sourcecode.c.h; path = BOAppDelegate.h; sourceTree = "<group>"; };
		FD76C07315AB4C86006F0D49 /* BOAppDelegate.m */ = {isa = PBXFileReference; lastKnownFileType = sourcecode.c.objc; path = BOAppDelegate.m; sourceTree = "<group>"; };
		FD76C07515AB4C86006F0D49 /* BOMasterViewController.h */ = {isa = PBXFileReference; lastKnownFileType = sourcecode.c.h; path = BOMasterViewController.h; sourceTree = "<group>"; };
		FD76C07615AB4C86006F0D49 /* BOMasterViewController.m */ = {isa = PBXFileReference; lastKnownFileType = sourcecode.c.objc; path = BOMasterViewController.m; sourceTree = "<group>"; };
		FD76C07815AB4C86006F0D49 /* BODetailViewController.h */ = {isa = PBXFileReference; lastKnownFileType = sourcecode.c.h; path = BODetailViewController.h; sourceTree = "<group>"; };
		FD76C07915AB4C86006F0D49 /* BODetailViewController.m */ = {isa = PBXFileReference; lastKnownFileType = sourcecode.c.objc; path = BODetailViewController.m; sourceTree = "<group>"; };
		FD76C07C15AB4C86006F0D49 /* en */ = {isa = PBXFileReference; lastKnownFileType = file.xib; name = en; path = en.lproj/BOMasterViewController.xib; sourceTree = "<group>"; };
		FD76C07F15AB4C86006F0D49 /* en */ = {isa = PBXFileReference; lastKnownFileType = file.xib; name = en; path = en.lproj/BODetailViewController.xib; sourceTree = "<group>"; };
		FD76C08615AB4C87006F0D49 /* BrowseOverflowTests.octest */ = {isa = PBXFileReference; explicitFileType = wrapper.cfbundle; includeInIndex = 0; path = BrowseOverflowTests.octest; sourceTree = BUILT_PRODUCTS_DIR; };
		FD76C08715AB4C87006F0D49 /* SenTestingKit.framework */ = {isa = PBXFileReference; lastKnownFileType = wrapper.framework; name = SenTestingKit.framework; path = Library/Frameworks/SenTestingKit.framework; sourceTree = DEVELOPER_DIR; };
		FD76C08F15AB4C87006F0D49 /* BrowseOverflowTests-Info.plist */ = {isa = PBXFileReference; lastKnownFileType = text.plist.xml; path = "BrowseOverflowTests-Info.plist"; sourceTree = "<group>"; };
		FD76C09115AB4C87006F0D49 /* en */ = {isa = PBXFileReference; lastKnownFileType = text.plist.strings; name = en; path = en.lproj/InfoPlist.strings; sourceTree = "<group>"; };
		FD76C09315AB4C87006F0D49 /* BrowseOverflowTests.h */ = {isa = PBXFileReference; lastKnownFileType = sourcecode.c.h; path = BrowseOverflowTests.h; sourceTree = "<group>"; };
		FD76C09415AB4C87006F0D49 /* BrowseOverflowTests.m */ = {isa = PBXFileReference; lastKnownFileType = sourcecode.c.objc; path = BrowseOverflowTests.m; sourceTree = "<group>"; };
		FD76C0A115AB513C006F0D49 /* TopicTests.h */ = {isa = PBXFileReference; fileEncoding = 4; lastKnownFileType = sourcecode.c.h; name = TopicTests.h; path = ../TopicTests.h; sourceTree = "<group>"; };
		FD76C0A215AB513C006F0D49 /* TopicTests.m */ = {isa = PBXFileReference; fileEncoding = 4; lastKnownFileType = sourcecode.c.objc; name = TopicTests.m; path = ../TopicTests.m; sourceTree = "<group>"; };
		FD76C0A715AB7B51006F0D49 /* QuestionTests.h */ = {isa = PBXFileReference; fileEncoding = 4; lastKnownFileType = sourcecode.c.h; path = QuestionTests.h; sourceTree = "<group>"; };
		FD76C0A815AB7B51006F0D49 /* QuestionTests.m */ = {isa = PBXFileReference; fileEncoding = 4; lastKnownFileType = sourcecode.c.objc; path = QuestionTests.m; sourceTree = "<group>"; };
		FD76C0AE15AB8112006F0D49 /* PersonTests.h */ = {isa = PBXFileReference; fileEncoding = 4; lastKnownFileType = sourcecode.c.h; path = PersonTests.h; sourceTree = "<group>"; };
		FD76C0AF15AB8112006F0D49 /* PersonTests.m */ = {isa = PBXFileReference; fileEncoding = 4; lastKnownFileType = sourcecode.c.objc; path = PersonTests.m; sourceTree = "<group>"; };
		FD76C0B115AB8135006F0D49 /* Person.h */ = {isa = PBXFileReference; fileEncoding = 4; lastKnownFileType = sourcecode.c.h; path = Person.h; sourceTree = "<group>"; };
		FD76C0B215AB8135006F0D49 /* Person.m */ = {isa = PBXFileReference; fileEncoding = 4; lastKnownFileType = sourcecode.c.objc; path = Person.m; sourceTree = "<group>"; };
		FD76C0B615ABA259006F0D49 /* AnswerTests.h */ = {isa = PBXFileReference; fileEncoding = 4; lastKnownFileType = sourcecode.c.h; path = AnswerTests.h; sourceTree = "<group>"; };
		FD76C0B715ABA259006F0D49 /* AnswerTests.m */ = {isa = PBXFileReference; fileEncoding = 4; lastKnownFileType = sourcecode.c.objc; path = AnswerTests.m; sourceTree = "<group>"; };
		FD76C0B915ABA296006F0D49 /* Answer.h */ = {isa = PBXFileReference; fileEncoding = 4; lastKnownFileType = sourcecode.c.h; path = Answer.h; sourceTree = "<group>"; };
		FD76C0BA15ABA296006F0D49 /* Answer.m */ = {isa = PBXFileReference; fileEncoding = 4; lastKnownFileType = sourcecode.c.objc; path = Answer.m; sourceTree = "<group>"; };
		FD76C0BD15ABC1E3006F0D49 /* QuestionCreationWorkflowTests.h */ = {isa = PBXFileReference; fileEncoding = 4; lastKnownFileType = sourcecode.c.h; path = QuestionCreationWorkflowTests.h; sourceTree = "<group>"; };
		FD76C0BE15ABC1E3006F0D49 /* QuestionCreationWorkflowTests.m */ = {isa = PBXFileReference; fileEncoding = 4; lastKnownFileType = sourcecode.c.objc; path = QuestionCreationWorkflowTests.m; sourceTree = "<group>"; };
		FD76C0C015ABC929006F0D49 /* StackOverflowManager.h */ = {isa = PBXFileReference; fileEncoding = 4; lastKnownFileType = sourcecode.c.h; path = StackOverflowManager.h; sourceTree = "<group>"; };
		FD76C0C115ABC929006F0D49 /* StackOverflowManager.m */ = {isa = PBXFileReference; fileEncoding = 4; lastKnownFileType = sourcecode.c.objc; path = StackOverflowManager.m; sourceTree = "<group>"; };
		FD76C0C415ABCC84006F0D49 /* StackOverflowManagerDelegate.h */ = {isa = PBXFileReference; fileEncoding = 4; lastKnownFileType = sourcecode.c.h; path = StackOverflowManagerDelegate.h; sourceTree = "<group>"; };
		FD76C0C615ABCE9E006F0D49 /* MockStackOverflowManagerDelegate.h */ = {isa = PBXFileReference; fileEncoding = 4; lastKnownFileType = sourcecode.c.h; path = MockStackOverflowManagerDelegate.h; sourceTree = "<group>"; };
		FD76C0C715ABCE9E006F0D49 /* MockStackOverflowManagerDelegate.m */ = {isa = PBXFileReference; fileEncoding = 4; lastKnownFileType = sourcecode.c.objc; path = MockStackOverflowManagerDelegate.m; sourceTree = "<group>"; };
		FD76C0C915ABD923006F0D49 /* StackOverflowCommunicator.h */ = {isa = PBXFileReference; fileEncoding = 4; lastKnownFileType = sourcecode.c.h; path = StackOverflowCommunicator.h; sourceTree = "<group>"; };
		FD76C0CA15ABD923006F0D49 /* StackOverflowCommunicator.m */ = {isa = PBXFileReference; fileEncoding = 4; lastKnownFileType = sourcecode.c.objc; path = StackOverflowCommunicator.m; sourceTree = "<group>"; };
		FD76C0CD15ABD962006F0D49 /* MockStackOverflowCommunicator.h */ = {isa = PBXFileReference; fileEncoding = 4; lastKnownFileType = sourcecode.c.h; path = MockStackOverflowCommunicator.h; sourceTree = "<group>"; };
		FD76C0CE15ABD962006F0D49 /* MockStackOverflowCommunicator.m */ = {isa = PBXFileReference; fileEncoding = 4; lastKnownFileType = sourcecode.c.objc; path = MockStackOverflowCommunicator.m; sourceTree = "<group>"; };
		FD76C0D015AC0BE7006F0D49 /* QuestionBuilder.h */ = {isa = PBXFileReference; fileEncoding = 4; lastKnownFileType = sourcecode.c.h; path = QuestionBuilder.h; sourceTree = "<group>"; };
		FD76C0D115AC0BE7006F0D49 /* QuestionBuilder.m */ = {isa = PBXFileReference; fileEncoding = 4; lastKnownFileType = sourcecode.c.objc; path = QuestionBuilder.m; sourceTree = "<group>"; };
		FD76C0D415AC0C19006F0D49 /* FakeQuestionBuilder.h */ = {isa = PBXFileReference; fileEncoding = 4; lastKnownFileType = sourcecode.c.h; path = FakeQuestionBuilder.h; sourceTree = "<group>"; };
		FD76C0D515AC0C19006F0D49 /* FakeQuestionBuilder.m */ = {isa = PBXFileReference; fileEncoding = 4; lastKnownFileType = sourcecode.c.objc; path = FakeQuestionBuilder.m; sourceTree = "<group>"; };
		FD76C0D715AC0E11006F0D49 /* StackOverflowCommunicatorDelegate.h */ = {isa = PBXFileReference; fileEncoding = 4; lastKnownFileType = sourcecode.c.h; path = StackOverflowCommunicatorDelegate.h; sourceTree = "<group>"; };
/* End PBXFileReference section */

/* Begin PBXFrameworksBuildPhase section */
		FD76C05C15AB4C86006F0D49 /* Frameworks */ = {
			isa = PBXFrameworksBuildPhase;
			buildActionMask = 2147483647;
			files = (
				FD76C06415AB4C86006F0D49 /* UIKit.framework in Frameworks */,
				FD76C06615AB4C86006F0D49 /* Foundation.framework in Frameworks */,
				FD76C06815AB4C86006F0D49 /* CoreGraphics.framework in Frameworks */,
			);
			runOnlyForDeploymentPostprocessing = 0;
		};
		FD76C08215AB4C87006F0D49 /* Frameworks */ = {
			isa = PBXFrameworksBuildPhase;
			buildActionMask = 2147483647;
			files = (
				FD76C08815AB4C87006F0D49 /* SenTestingKit.framework in Frameworks */,
				FD76C08915AB4C87006F0D49 /* UIKit.framework in Frameworks */,
				FD76C08A15AB4C87006F0D49 /* Foundation.framework in Frameworks */,
			);
			runOnlyForDeploymentPostprocessing = 0;
		};
/* End PBXFrameworksBuildPhase section */

/* Begin PBXGroup section */
		FD76C05415AB4C86006F0D49 = {
			isa = PBXGroup;
			children = (
				FD76C06915AB4C86006F0D49 /* BrowseOverflow */,
				FD76C08D15AB4C87006F0D49 /* BrowseOverflowTests */,
				FD76C06215AB4C86006F0D49 /* Frameworks */,
				FD76C06015AB4C86006F0D49 /* Products */,
			);
			sourceTree = "<group>";
		};
		FD76C06015AB4C86006F0D49 /* Products */ = {
			isa = PBXGroup;
			children = (
				FD76C05F15AB4C86006F0D49 /* BrowseOverflow.app */,
				FD76C08615AB4C87006F0D49 /* BrowseOverflowTests.octest */,
			);
			name = Products;
			sourceTree = "<group>";
		};
		FD76C06215AB4C86006F0D49 /* Frameworks */ = {
			isa = PBXGroup;
			children = (
				FD76C06315AB4C86006F0D49 /* UIKit.framework */,
				FD76C06515AB4C86006F0D49 /* Foundation.framework */,
				FD76C06715AB4C86006F0D49 /* CoreGraphics.framework */,
				FD76C08715AB4C87006F0D49 /* SenTestingKit.framework */,
			);
			name = Frameworks;
			sourceTree = "<group>";
		};
		FD76C06915AB4C86006F0D49 /* BrowseOverflow */ = {
			isa = PBXGroup;
			children = (
				FD76C07215AB4C86006F0D49 /* BOAppDelegate.h */,
				FD76C07315AB4C86006F0D49 /* BOAppDelegate.m */,
				FD5DCA5515AC68DD0084B6F0 /* Question.h */,
				FD5DCA5615AC68DD0084B6F0 /* Question.m */,
				FD5DCA5715AC68DD0084B6F0 /* Topic.h */,
				FD5DCA5815AC68DD0084B6F0 /* Topic.m */,
				FD76C07515AB4C86006F0D49 /* BOMasterViewController.h */,
				FD76C07615AB4C86006F0D49 /* BOMasterViewController.m */,
				FD76C07815AB4C86006F0D49 /* BODetailViewController.h */,
				FD76C07915AB4C86006F0D49 /* BODetailViewController.m */,
				FD76C07B15AB4C86006F0D49 /* BOMasterViewController.xib */,
				FD76C07E15AB4C86006F0D49 /* BODetailViewController.xib */,
				FD76C06A15AB4C86006F0D49 /* Supporting Files */,
				FD76C0B115AB8135006F0D49 /* Person.h */,
				FD76C0B215AB8135006F0D49 /* Person.m */,
				FD76C0B915ABA296006F0D49 /* Answer.h */,
				FD76C0BA15ABA296006F0D49 /* Answer.m */,
				FD76C0C015ABC929006F0D49 /* StackOverflowManager.h */,
				FD76C0C115ABC929006F0D49 /* StackOverflowManager.m */,
				FD76C0C415ABCC84006F0D49 /* StackOverflowManagerDelegate.h */,
				FD76C0C915ABD923006F0D49 /* StackOverflowCommunicator.h */,
				FD76C0CA15ABD923006F0D49 /* StackOverflowCommunicator.m */,
				FD76C0D015AC0BE7006F0D49 /* QuestionBuilder.h */,
				FD76C0D115AC0BE7006F0D49 /* QuestionBuilder.m */,
				FD76C0D715AC0E11006F0D49 /* StackOverflowCommunicatorDelegate.h */,
			);
			path = BrowseOverflow;
			sourceTree = "<group>";
		};
		FD76C06A15AB4C86006F0D49 /* Supporting Files */ = {
			isa = PBXGroup;
			children = (
				FD76C06B15AB4C86006F0D49 /* BrowseOverflow-Info.plist */,
				FD76C06C15AB4C86006F0D49 /* InfoPlist.strings */,
				FD76C06F15AB4C86006F0D49 /* main.m */,
				FD76C07115AB4C86006F0D49 /* BrowseOverflow-Prefix.pch */,
			);
			name = "Supporting Files";
			sourceTree = "<group>";
		};
		FD76C08D15AB4C87006F0D49 /* BrowseOverflowTests */ = {
			isa = PBXGroup;
			children = (
				FD76C0A115AB513C006F0D49 /* TopicTests.h */,
				FD76C0A215AB513C006F0D49 /* TopicTests.m */,
				FD76C0A715AB7B51006F0D49 /* QuestionTests.h */,
				FD76C0A815AB7B51006F0D49 /* QuestionTests.m */,
				FD76C09315AB4C87006F0D49 /* BrowseOverflowTests.h */,
				FD76C09415AB4C87006F0D49 /* BrowseOverflowTests.m */,
				FD76C08E15AB4C87006F0D49 /* Supporting Files */,
				FD76C0AE15AB8112006F0D49 /* PersonTests.h */,
				FD76C0AF15AB8112006F0D49 /* PersonTests.m */,
				FD76C0B615ABA259006F0D49 /* AnswerTests.h */,
				FD76C0B715ABA259006F0D49 /* AnswerTests.m */,
				FD76C0BD15ABC1E3006F0D49 /* QuestionCreationWorkflowTests.h */,
				FD76C0BE15ABC1E3006F0D49 /* QuestionCreationWorkflowTests.m */,
				FD76C0C615ABCE9E006F0D49 /* MockStackOverflowManagerDelegate.h */,
				FD76C0C715ABCE9E006F0D49 /* MockStackOverflowManagerDelegate.m */,
				FD76C0CD15ABD962006F0D49 /* MockStackOverflowCommunicator.h */,
				FD76C0CE15ABD962006F0D49 /* MockStackOverflowCommunicator.m */,
				FD76C0D415AC0C19006F0D49 /* FakeQuestionBuilder.h */,
				FD76C0D515AC0C19006F0D49 /* FakeQuestionBuilder.m */,
			);
			path = BrowseOverflowTests;
			sourceTree = "<group>";
		};
		FD76C08E15AB4C87006F0D49 /* Supporting Files */ = {
			isa = PBXGroup;
			children = (
				FD76C08F15AB4C87006F0D49 /* BrowseOverflowTests-Info.plist */,
				FD76C09015AB4C87006F0D49 /* InfoPlist.strings */,
			);
			name = "Supporting Files";
			sourceTree = "<group>";
		};
/* End PBXGroup section */

/* Begin PBXNativeTarget section */
		FD76C05E15AB4C86006F0D49 /* BrowseOverflow */ = {
			isa = PBXNativeTarget;
			buildConfigurationList = FD76C09815AB4C87006F0D49 /* Build configuration list for PBXNativeTarget "BrowseOverflow" */;
			buildPhases = (
				FD76C05B15AB4C86006F0D49 /* Sources */,
				FD76C05C15AB4C86006F0D49 /* Frameworks */,
				FD76C05D15AB4C86006F0D49 /* Resources */,
			);
			buildRules = (
			);
			dependencies = (
			);
			name = BrowseOverflow;
			productName = BrowseOverflow;
			productReference = FD76C05F15AB4C86006F0D49 /* BrowseOverflow.app */;
			productType = "com.apple.product-type.application";
		};
		FD76C08515AB4C87006F0D49 /* BrowseOverflowTests */ = {
			isa = PBXNativeTarget;
			buildConfigurationList = FD76C09B15AB4C87006F0D49 /* Build configuration list for PBXNativeTarget "BrowseOverflowTests" */;
			buildPhases = (
				FD76C08115AB4C87006F0D49 /* Sources */,
				FD76C08215AB4C87006F0D49 /* Frameworks */,
				FD76C08315AB4C87006F0D49 /* Resources */,
				FD76C08415AB4C87006F0D49 /* ShellScript */,
			);
			buildRules = (
			);
			dependencies = (
				FD76C08C15AB4C87006F0D49 /* PBXTargetDependency */,
			);
			name = BrowseOverflowTests;
			productName = BrowseOverflowTests;
			productReference = FD76C08615AB4C87006F0D49 /* BrowseOverflowTests.octest */;
			productType = "com.apple.product-type.bundle";
		};
/* End PBXNativeTarget section */

/* Begin PBXProject section */
		FD76C05615AB4C86006F0D49 /* Project object */ = {
			isa = PBXProject;
			attributes = {
				LastUpgradeCheck = 0420;
				ORGANIZATIONNAME = Heyook;
			};
			buildConfigurationList = FD76C05915AB4C86006F0D49 /* Build configuration list for PBXProject "BrowseOverflow" */;
			compatibilityVersion = "Xcode 3.2";
			developmentRegion = English;
			hasScannedForEncodings = 0;
			knownRegions = (
				en,
			);
			mainGroup = FD76C05415AB4C86006F0D49;
			productRefGroup = FD76C06015AB4C86006F0D49 /* Products */;
			projectDirPath = "";
			projectRoot = "";
			targets = (
				FD76C05E15AB4C86006F0D49 /* BrowseOverflow */,
				FD76C08515AB4C87006F0D49 /* BrowseOverflowTests */,
			);
		};
/* End PBXProject section */

/* Begin PBXResourcesBuildPhase section */
		FD76C05D15AB4C86006F0D49 /* Resources */ = {
			isa = PBXResourcesBuildPhase;
			buildActionMask = 2147483647;
			files = (
				FD76C06E15AB4C86006F0D49 /* InfoPlist.strings in Resources */,
				FD76C07D15AB4C86006F0D49 /* BOMasterViewController.xib in Resources */,
				FD76C08015AB4C86006F0D49 /* BODetailViewController.xib in Resources */,
			);
			runOnlyForDeploymentPostprocessing = 0;
		};
		FD76C08315AB4C87006F0D49 /* Resources */ = {
			isa = PBXResourcesBuildPhase;
			buildActionMask = 2147483647;
			files = (
				FD76C09215AB4C87006F0D49 /* InfoPlist.strings in Resources */,
			);
			runOnlyForDeploymentPostprocessing = 0;
		};
/* End PBXResourcesBuildPhase section */

/* Begin PBXShellScriptBuildPhase section */
		FD76C08415AB4C87006F0D49 /* ShellScript */ = {
			isa = PBXShellScriptBuildPhase;
			buildActionMask = 2147483647;
			files = (
			);
			inputPaths = (
			);
			outputPaths = (
			);
			runOnlyForDeploymentPostprocessing = 0;
			shellPath = /bin/sh;
			shellScript = "# Run the unit tests in this test bundle.\n\"${SYSTEM_DEVELOPER_DIR}/Tools/RunUnitTests\"\n";
		};
/* End PBXShellScriptBuildPhase section */

/* Begin PBXSourcesBuildPhase section */
		FD76C05B15AB4C86006F0D49 /* Sources */ = {
			isa = PBXSourcesBuildPhase;
			buildActionMask = 2147483647;
			files = (
				FD76C07015AB4C86006F0D49 /* main.m in Sources */,
				FD76C07415AB4C86006F0D49 /* BOAppDelegate.m in Sources */,
				FD76C07715AB4C86006F0D49 /* BOMasterViewController.m in Sources */,
				FD76C07A15AB4C86006F0D49 /* BODetailViewController.m in Sources */,
				FD76C0B315AB8135006F0D49 /* Person.m in Sources */,
				FD76C0BB15ABA296006F0D49 /* Answer.m in Sources */,
				FD76C0C215ABC929006F0D49 /* StackOverflowManager.m in Sources */,
				FD76C0CB15ABD923006F0D49 /* StackOverflowCommunicator.m in Sources */,
				FD76C0D215AC0BE8006F0D49 /* QuestionBuilder.m in Sources */,
				FD5DCA5915AC68DD0084B6F0 /* Question.m in Sources */,
				FD5DCA5B15AC68DD0084B6F0 /* Topic.m in Sources */,
			);
			runOnlyForDeploymentPostprocessing = 0;
		};
		FD76C08115AB4C87006F0D49 /* Sources */ = {
			isa = PBXSourcesBuildPhase;
			buildActionMask = 2147483647;
			files = (
				FD76C09515AB4C87006F0D49 /* BrowseOverflowTests.m in Sources */,
				FD76C0A315AB513C006F0D49 /* TopicTests.m in Sources */,
				FD76C0A915AB7B51006F0D49 /* QuestionTests.m in Sources */,
				FD76C0B015AB8113006F0D49 /* PersonTests.m in Sources */,
				FD76C0B415AB8135006F0D49 /* Person.m in Sources */,
				FD76C0B815ABA259006F0D49 /* AnswerTests.m in Sources */,
				FD76C0BC15ABA296006F0D49 /* Answer.m in Sources */,
				FD76C0BF15ABC1E3006F0D49 /* QuestionCreationWorkflowTests.m in Sources */,
				FD76C0C315ABC929006F0D49 /* StackOverflowManager.m in Sources */,
				FD76C0C815ABCE9E006F0D49 /* MockStackOverflowManagerDelegate.m in Sources */,
				FD76C0CC15ABD923006F0D49 /* StackOverflowCommunicator.m in Sources */,
				FD76C0CF15ABD962006F0D49 /* MockStackOverflowCommunicator.m in Sources */,
				FD76C0D315AC0BE8006F0D49 /* QuestionBuilder.m in Sources */,
				FD76C0D615AC0C19006F0D49 /* FakeQuestionBuilder.m in Sources */,
				FD5DCA5A15AC68DD0084B6F0 /* Question.m in Sources */,
				FD5DCA5C15AC68DD0084B6F0 /* Topic.m in Sources */,
			);
			runOnlyForDeploymentPostprocessing = 0;
		};
/* End PBXSourcesBuildPhase section */

/* Begin PBXTargetDependency section */
		FD76C08C15AB4C87006F0D49 /* PBXTargetDependency */ = {
			isa = PBXTargetDependency;
			target = FD76C05E15AB4C86006F0D49 /* BrowseOverflow */;
			targetProxy = FD76C08B15AB4C87006F0D49 /* PBXContainerItemProxy */;
		};
/* End PBXTargetDependency section */

/* Begin PBXVariantGroup section */
		FD76C06C15AB4C86006F0D49 /* InfoPlist.strings */ = {
			isa = PBXVariantGroup;
			children = (
				FD76C06D15AB4C86006F0D49 /* en */,
			);
			name = InfoPlist.strings;
			sourceTree = "<group>";
		};
		FD76C07B15AB4C86006F0D49 /* BOMasterViewController.xib */ = {
			isa = PBXVariantGroup;
			children = (
				FD76C07C15AB4C86006F0D49 /* en */,
			);
			name = BOMasterViewController.xib;
			sourceTree = "<group>";
		};
		FD76C07E15AB4C86006F0D49 /* BODetailViewController.xib */ = {
			isa = PBXVariantGroup;
			children = (
				FD76C07F15AB4C86006F0D49 /* en */,
			);
			name = BODetailViewController.xib;
			sourceTree = "<group>";
		};
		FD76C09015AB4C87006F0D49 /* InfoPlist.strings */ = {
			isa = PBXVariantGroup;
			children = (
				FD76C09115AB4C87006F0D49 /* en */,
			);
			name = InfoPlist.strings;
			sourceTree = "<group>";
		};
/* End PBXVariantGroup section */

/* Begin XCBuildConfiguration section */
		FD76C09615AB4C87006F0D49 /* Debug */ = {
			isa = XCBuildConfiguration;
			buildSettings = {
				ALWAYS_SEARCH_USER_PATHS = NO;
				ARCHS = "$(ARCHS_STANDARD_32_BIT)";
				CLANG_ENABLE_OBJC_ARC = YES;
				"CODE_SIGN_IDENTITY[sdk=iphoneos*]" = "iPhone Developer";
				COPY_PHASE_STRIP = NO;
				GCC_C_LANGUAGE_STANDARD = gnu99;
				GCC_DYNAMIC_NO_PIC = NO;
				GCC_OPTIMIZATION_LEVEL = 0;
				GCC_PREPROCESSOR_DEFINITIONS = (
					"DEBUG=1",
					"$(inherited)",
				);
				GCC_SYMBOLS_PRIVATE_EXTERN = NO;
				GCC_VERSION = com.apple.compilers.llvm.clang.1_0;
				GCC_WARN_ABOUT_MISSING_PROTOTYPES = YES;
				GCC_WARN_ABOUT_RETURN_TYPE = YES;
				GCC_WARN_UNUSED_VARIABLE = YES;
				IPHONEOS_DEPLOYMENT_TARGET = 5.0;
				SDKROOT = iphoneos;
			};
			name = Debug;
		};
		FD76C09715AB4C87006F0D49 /* Release */ = {
			isa = XCBuildConfiguration;
			buildSettings = {
				ALWAYS_SEARCH_USER_PATHS = NO;
				ARCHS = "$(ARCHS_STANDARD_32_BIT)";
				CLANG_ENABLE_OBJC_ARC = YES;
				"CODE_SIGN_IDENTITY[sdk=iphoneos*]" = "iPhone Developer";
				COPY_PHASE_STRIP = YES;
				GCC_C_LANGUAGE_STANDARD = gnu99;
				GCC_VERSION = com.apple.compilers.llvm.clang.1_0;
				GCC_WARN_ABOUT_MISSING_PROTOTYPES = YES;
				GCC_WARN_ABOUT_RETURN_TYPE = YES;
				GCC_WARN_UNUSED_VARIABLE = YES;
				IPHONEOS_DEPLOYMENT_TARGET = 5.0;
				OTHER_CFLAGS = "-DNS_BLOCK_ASSERTIONS=1";
				SDKROOT = iphoneos;
				VALIDATE_PRODUCT = YES;
			};
			name = Release;
		};
		FD76C09915AB4C87006F0D49 /* Debug */ = {
			isa = XCBuildConfiguration;
			buildSettings = {
				GCC_PRECOMPILE_PREFIX_HEADER = YES;
				GCC_PREFIX_HEADER = "BrowseOverflow/BrowseOverflow-Prefix.pch";
				INFOPLIST_FILE = "BrowseOverflow/BrowseOverflow-Info.plist";
				PRODUCT_NAME = "$(TARGET_NAME)";
				WRAPPER_EXTENSION = app;
			};
			name = Debug;
		};
		FD76C09A15AB4C87006F0D49 /* Release */ = {
			isa = XCBuildConfiguration;
			buildSettings = {
				GCC_PRECOMPILE_PREFIX_HEADER = YES;
				GCC_PREFIX_HEADER = "BrowseOverflow/BrowseOverflow-Prefix.pch";
				INFOPLIST_FILE = "BrowseOverflow/BrowseOverflow-Info.plist";
				PRODUCT_NAME = "$(TARGET_NAME)";
				WRAPPER_EXTENSION = app;
			};
			name = Release;
		};
		FD76C09C15AB4C87006F0D49 /* Debug */ = {
			isa = XCBuildConfiguration;
			buildSettings = {
				BUNDLE_LOADER = "$(BUILT_PRODUCTS_DIR)/BrowseOverflow.app/BrowseOverflow";
				FRAMEWORK_SEARCH_PATHS = (
					"$(SDKROOT)/Developer/Library/Frameworks",
					"$(DEVELOPER_LIBRARY_DIR)/Frameworks",
				);
				GCC_PRECOMPILE_PREFIX_HEADER = YES;
				GCC_PREFIX_HEADER = "BrowseOverflow/BrowseOverflow-Prefix.pch";
				INFOPLIST_FILE = "BrowseOverflowTests/BrowseOverflowTests-Info.plist";
				PRODUCT_NAME = "$(TARGET_NAME)";
				TEST_HOST = "$(BUNDLE_LOADER)";
				WRAPPER_EXTENSION = octest;
			};
			name = Debug;
		};
		FD76C09D15AB4C87006F0D49 /* Release */ = {
			isa = XCBuildConfiguration;
			buildSettings = {
				BUNDLE_LOADER = "$(BUILT_PRODUCTS_DIR)/BrowseOverflow.app/BrowseOverflow";
				FRAMEWORK_SEARCH_PATHS = (
					"$(SDKROOT)/Developer/Library/Frameworks",
					"$(DEVELOPER_LIBRARY_DIR)/Frameworks",
				);
				GCC_PRECOMPILE_PREFIX_HEADER = YES;
				GCC_PREFIX_HEADER = "BrowseOverflow/BrowseOverflow-Prefix.pch";
				INFOPLIST_FILE = "BrowseOverflowTests/BrowseOverflowTests-Info.plist";
				PRODUCT_NAME = "$(TARGET_NAME)";
				TEST_HOST = "$(BUNDLE_LOADER)";
				WRAPPER_EXTENSION = octest;
			};
			name = Release;
		};
/* End XCBuildConfiguration section */

/* Begin XCConfigurationList section */
		FD76C05915AB4C86006F0D49 /* Build configuration list for PBXProject "BrowseOverflow" */ = {
			isa = XCConfigurationList;
			buildConfigurations = (
				FD76C09615AB4C87006F0D49 /* Debug */,
				FD76C09715AB4C87006F0D49 /* Release */,
			);
			defaultConfigurationIsVisible = 0;
			defaultConfigurationName = Release;
		};
		FD76C09815AB4C87006F0D49 /* Build configuration list for PBXNativeTarget "BrowseOverflow" */ = {
			isa = XCConfigurationList;
			buildConfigurations = (
				FD76C09915AB4C87006F0D49 /* Debug */,
				FD76C09A15AB4C87006F0D49 /* Release */,
			);
			defaultConfigurationIsVisible = 0;
			defaultConfigurationName = Release;
		};
		FD76C09B15AB4C87006F0D49 /* Build configuration list for PBXNativeTarget "BrowseOverflowTests" */ = {
			isa = XCConfigurationList;
			buildConfigurations = (
				FD76C09C15AB4C87006F0D49 /* Debug */,
				FD76C09D15AB4C87006F0D49 /* Release */,
			);
			defaultConfigurationIsVisible = 0;
			defaultConfigurationName = Release;
		};
/* End XCConfigurationList section */
	};
	rootObject = FD76C05615AB4C86006F0D49 /* Project object */;
}
